{
    "_meta": {
        "hash": {
            "sha256": "1899bce0fae10602c686ecd525a5f8f177845709dfeccc4a64d4f18724a3a1cd"
        },
        "pipfile-spec": 6,
        "requires": {
            "python_version": "3.9"
        },
        "sources": [
            {
                "name": "pypi",
                "url": "https://pypi.org/simple",
                "verify_ssl": true
            }
        ]
    },
    "default": {
        "bitstring": {
            "hashes": [
                "sha256:fdf3eb72b229d2864fb507f8f42b1b2c57af7ce5fec035972f9566de440a864a"
            ],
            "index": "pypi",
            "version": "==3.1.7"
        },
        "certifi": {
            "hashes": [
                "sha256:2bbf76fd432960138b3ef6dda3dde0544f27cbf8546c458e60baf371917ba9ee",
                "sha256:50b1e4f8446b06f41be7dd6338db18e0990601dce795c2b1686458aa7e8fa7d8"
            ],
            "version": "==2021.5.30"
        },
        "chardet": {
            "hashes": [
                "sha256:0d6f53a15db4120f2b08c94f11e7d93d2c911ee118b6b30a04ec3ee8310179fa",
                "sha256:f864054d66fd9118f2e67044ac8981a54775ec5b67aed0441892edb553d21da5"
            ],
            "markers": "python_version >= '2.7' and python_version not in '3.0, 3.1, 3.2, 3.3, 3.4'",
            "version": "==4.0.0"
        },
        "colorama": {
            "hashes": [
                "sha256:5941b2b48a20143d2267e95b1c2a7603ce057ee39fd88e7329b0c292aa16869b",
                "sha256:9f47eda37229f68eee03b24b9748937c7dc3868f906e8ba69fbcbdd3bc5dc3e2"
            ],
            "markers": "platform_system == 'Windows'",
            "version": "==0.4.4"
        },
        "contourpy": {
            "hashes": [
                "sha256:0475b1f6604896bc7c53bb070e355e9321e1bc0d381735421a2d2068ec56531f",
                "sha256:106fab697af11456fcba3e352ad50effe493a90f893fca6c2ca5c033820cea92",
                "sha256:107ba8a6a7eec58bb475329e6d3b95deba9440667c4d62b9b6063942b61d7f16",
                "sha256:15ce6ab60957ca74cff444fe66d9045c1fd3e92c8936894ebd1f3eef2fff075f",
                "sha256:1c48188778d4d2f3d48e4643fb15d8608b1d01e4b4d6b0548d9b336c28fc9b6f",
                "sha256:3859783aefa2b8355697f16642695a5b9792e7a46ab86da1118a4a23a51a33d7",
                "sha256:3d80b2c0300583228ac98d0a927a1ba6a2ba6b8a742463c564f1d419ee5b211e",
                "sha256:3f9e896f447c5c8618f1edb2bafa9a4030f22a575ec418ad70611450720b5b08",
                "sha256:434f0adf84911c924519d2b08fc10491dd282b20bdd3fa8f60fd816ea0b48841",
                "sha256:49b65a95d642d4efa8f64ba12558fcb83407e58a2dfba9d796d77b63ccfcaff5",
                "sha256:4caf2bcd2969402bf77edc4cb6034c7dd7c0803213b3523f111eb7460a51b8d2",
                "sha256:532fd26e715560721bb0d5fc7610fce279b3699b018600ab999d1be895b09415",
                "sha256:5ebac872ba09cb8f2131c46b8739a7ff71de28a24c869bcad554477eb089a878",
                "sha256:5f5964cdad279256c084b69c3f412b7801e15356b16efa9d78aa974041903da0",
                "sha256:65a887a6e8c4cd0897507d814b14c54a8c2e2aa4ac9f7686292f9769fcf9a6ab",
                "sha256:6a37a2fb93d4df3fc4c0e363ea4d16f83195fc09c891bc8ce072b9d084853445",
                "sha256:70771a461aaeb335df14deb6c97439973d253ae70660ca085eec25241137ef43",
                "sha256:71e2bd4a1c4188f5c2b8d274da78faab884b59df20df63c34f74aa1813c4427c",
                "sha256:745b57db7758f3ffc05a10254edd3182a2a83402a89c00957a8e8a22f5582823",
                "sha256:78e9253c3de756b3f6a5174d024c4835acd59eb3f8e2ca13e775dbffe1558f69",
                "sha256:82199cb78276249796419fe36b7386bd8d2cc3f28b3bc19fe2454fe2e26c4c15",
                "sha256:8b7fc0cd78ba2f4695fd0a6ad81a19e7e3ab825c31b577f384aa9d7817dc3bef",
                "sha256:8c5acb8dddb0752bf252e01a3035b21443158910ac16a3b0d20e7fed7d534ce5",
                "sha256:8c942a01d9163e2e5cfb05cb66110121b8d07ad438a17f9e766317bcb62abf73",
                "sha256:8d2e74acbcba3bfdb6d9d8384cdc4f9260cae86ed9beee8bd5f54fee49a430b9",
                "sha256:90df94c89a91b7362e1142cbee7568f86514412ab8a2c0d0fca72d7e91b62912",
                "sha256:970e9173dbd7eba9b4e01aab19215a48ee5dd3f43cef736eebde064a171f89a5",
                "sha256:977e98a0e0480d3fe292246417239d2d45435904afd6d7332d8455981c408b85",
                "sha256:9be002b31c558d1ddf1b9b415b162c603405414bacd6932d031c5b5a8b757f0d",
                "sha256:ad687a04bc802cbe8b9c399c07162a3c35e227e2daccf1668eb1f278cb698631",
                "sha256:b4f54d6a2defe9f257327b0f243612dd051cc43825587520b1bf74a31e2f6ef2",
                "sha256:b6945942715a034c671b7fc54f9588126b0b8bf23db2696e3ca8328f3ff0ab54",
                "sha256:b7cd50c38f500bbcc9b6a46643a40e0913673f869315d8e70de0438817cb7773",
                "sha256:ba38e3f9f330af820c4b27ceb4b9c7feee5fe0493ea53a8720f4792667465934",
                "sha256:c440093bbc8fc21c637c03bafcbef95ccd963bc6e0514ad887932c18ca2a759a",
                "sha256:c49f73e61f1f774650a55d221803b101d966ca0c5a2d6d5e4320ec3997489441",
                "sha256:c66c4906cdbc50e9cba65978823e6e00b45682eb09adbb78c9775b74eb222422",
                "sha256:c6c4639a9c22230276b7bffb6a850dfc8258a2521305e1faefe804d006b2e532",
                "sha256:c85bb486e9be652314bb5b9e2e3b0d1b2e643d5eec4992c0fbe8ac71775da739",
                "sha256:cc829960f34ba36aad4302e78eabf3ef16a3a100863f0d4eeddf30e8a485a03b",
                "sha256:cdd22595308f53ef2f891040ab2b93d79192513ffccbd7fe19be7aa773a5e09f",
                "sha256:d0e589ae0d55204991450bb5c23f571c64fe43adaa53f93fc902a84c96f52fe1",
                "sha256:d14f12932a8d620e307f715857107b1d1845cc44fdb5da2bc8e850f5ceba9f87",
                "sha256:d32530b534e986374fc19eaa77fcb87e8a99e5431499949b828312bdcd20ac52",
                "sha256:d6658ccc7251a4433eebd89ed2672c2ed96fba367fd25ca9512aa92a4b46c4f1",
                "sha256:d91a3ccc7fea94ca0acab82ceb77f396d50a1f67412efe4c526f5d20264e6ecd",
                "sha256:dc41ba0714aa2968d1f8674ec97504a8f7e334f48eeacebcaa6256213acb0989",
                "sha256:de39db2604ae755316cb5967728f4bea92685884b1e767b7c24e983ef5f771cb",
                "sha256:de425af81b6cea33101ae95ece1f696af39446db9682a0b56daaa48cfc29f38f",
                "sha256:ded1706ed0c1049224531b81128efbd5084598f18d8a2d9efae833edbd2b40ad",
                "sha256:e1578f7eafce927b168752ed7e22646dad6cd9bca673c60bff55889fa236ebf9",
                "sha256:e259bced5549ac64410162adc973c5e2fb77f04df4a439d00b478e57a0e65512",
                "sha256:e298e7e70cf4eb179cc1077be1c725b5fd131ebc81181bf0c03525c8abc297fd",
                "sha256:eab0f6db315fa4d70f1d8ab514e527f0366ec021ff853d7ed6a2d33605cf4b83",
                "sha256:f26b383144cf2d2c29f01a1e8170f50dacf0eac02d64139dcd709a8ac4eb3cfe",
                "sha256:f939a054192ddc596e031e50bb13b657ce318cf13d264f095ce9db7dc6ae81c0",
                "sha256:fd93cc7f3139b6dd7aab2f26a90dde0aa9fc264dbf70f6740d498a70b860b82c"
            ],
            "markers": "python_version >= '3.10'",
            "version": "==1.3.2"
        },
        "cycler": {
            "hashes": [
                "sha256:85cef7cff222d8644161529808465972e51340599459b8ac3ccbac5a854e0d30",
                "sha256:88bb128f02ba341da8ef447245a9e138fae777f6a23943da4540077d3601eb1c"
            ],
            "markers": "python_version >= '3.8'",
            "version": "==0.12.1"
        },
        "factordb-pycli": {
            "hashes": [
                "sha256:43cf2a672fc49c389f9dd9a7656890973aaa65f9bd2d87165ca4e7a996f7da6b"
            ],
            "version": "==1.3.0"
        },
        "fonttools": {
            "hashes": [
                "sha256:032038247a96c1690f9f31e377c389383c902531b085aa4e4dabd6f57f870e69",
                "sha256:063e08bd17bd5a90127a14123de0d6a952dbc847695fd98b63c043d58057f90c",
                "sha256:0c18358a155d75034911c5ee397a5b44cd19dd325dbb8b35fb60bf421d6a72ac",
                "sha256:0eac00b9118c3c2f87d272e45341871c5b3066baa3c86897fa634a7c3fb59096",
                "sha256:1e874792a8212b44583ea02189d9e693906b2f78b261f372f95d6c563210ac1d",
                "sha256:22135da48a348785c5e2d5d2d9d6bec5ed44adacbaeb9db12d9493bf6c6bfa68",
                "sha256:22693918177bd9ceabec4736d338045f357769416fc6b0b2508eefef75b08616",
                "sha256:27fdc65af8da6f88b9c6121c47a464cbe359fcfff7ff6fc2d37a1f395d755b78",
                "sha256:2b8ae05d9eacf6081414d759c0a352769ac28ce31280d6bb8e77b03f9e3c449f",
                "sha256:2c14b4fd138c4bafcca294765c547914e1aa431ae1ca94ab99d8db08c958bd3b",
                "sha256:308f957cdeaf8abe4e5f2f124902ef405448af92c90f80e302a3b771c2e6116b",
                "sha256:37dd23e621e3b0aef1baa70a303b80aaf38449632cfc8fd2a55fb285bbccfc02",
                "sha256:445af2eab030a16b9171ea8bdda7ebf7d96bda2df88ee182a464252f6e05e20d",
                "sha256:51394295f1a51de8b5f30bdb1e1b9a4231536c7064ef5c6e211eec19fa36036f",
                "sha256:58dc6bb86a78d782f00f9190ca02c119cf5bbe2807536e361e18d42019f877d8",
                "sha256:59ac449f8cca9b4ffa08d2e7bbadad87ce710d69d1eda5c3c1ce579baa987272",
                "sha256:6b2248c5decb223562f7902ff6325077a073f608ee8e33e88ad88db734eb9f49",
                "sha256:6d4741eb179121cab9eea4cb2393d24492373a260d7945006358c08cfbf45419",
                "sha256:6db5140a60a5d731d21ec076745b40a310607731b0a565b50776393188649001",
                "sha256:6e528da43bc3791085f8cb6141b1d13e459226790240340fcbb4625649238b03",
                "sha256:796f27556dbe094c4824f75ca85267e4df776c79036c8441469a4df37038c196",
                "sha256:79cdc9f567aec74a72918fd060283911406750cbc9fd28c1316023deb6ce31a9",
                "sha256:7d76edbff9014094dbf03bd2d074709dfa6ec7aba13d838c937a2b33d2d6a86e",
                "sha256:7d782fac32985914c351556f68ac0855391572bcd87de50e05970d3cd4c96fc5",
                "sha256:7dd683fef0663e9f0f45cf541d788d24caa3ec9db50796b588e1757d8b3bc007",
                "sha256:85be818f5506e8a7753153def2c9550178f0ecae6a47b5e0e8dbb23f7cc90380",
                "sha256:948428a275741f0b64b113c955425a953314f4b9ab9997f73a72c83e68e569c8",
                "sha256:9ced0bd02ac751dd6319b0da88aaef24414e3b0dbc32bb4f24944821a3741a27",
                "sha256:9e12f105d2b6342c559c298afb674006bb2893afc7102dcf8a1b55b0486b4e40",
                "sha256:a8b33a82979e0a6a34ff435cc81317be1f95ec1ebb7a3a2d1c8a6a54f02ae44e",
                "sha256:a9faff9e0c1f76f9fd55899d2ce785832efebab37eb8ae13995853aef178bef0",
                "sha256:af2fd1664d00a397d75f806985ddb36282091c2131a73a6485c23b4a34722263",
                "sha256:afefc1ed0a59785a7fb06ea7e1678e849c193e1e387db783579bc7b3056fcfcb",
                "sha256:b1cd75a03ad8cb5bc40c90bfde68c0c47de423aa19e5c0f362b43520645eea94",
                "sha256:ba04cb5891d4c0c21b6da95eda8d7b090021508a294fff33464fc7d241e0856b",
                "sha256:bf00f21eb5fb721dbaf73d1e9da6d02a1af7768f2ebcf9798be98beab8ba90f6",
                "sha256:c0425b277a59cff3d80ca42162a8de360f318438a2ac83570842a678d826d579",
                "sha256:c1aaa4b9c75798400ac043ce04d74e7830376c85095a5a6ed7cba2f17a266bf4",
                "sha256:c2a2a42198b696a6f48fad91709afb55176e66a5e566131219dba372fb7f8c59",
                "sha256:caeb583deeb5168e694b65cda8b4ee62abedfa66cf88488734466f2366b9c4e0",
                "sha256:cb014d58140a38135f16064c74c652ed57aa0b75cbf8bb59cac821f7edb5334e",
                "sha256:ccf41f2efdf56994d22d73bef4ced1052161958169428d06ba9724ea9e9a64be",
                "sha256:cd7e9857e5e63738b9d9fd707bc1f59c8b09e5177726d23664db393c59bb08bd",
                "sha256:d76ac49f929aecaf82d83250b8347e099d7aecba0f4726c1d9b6df3b8bb5fe18",
                "sha256:d7e5c9973aa04c95650c96e5f5ad865fbf42d62079163ecfab1e01cbc2504c22",
                "sha256:dcf076a4474fe0d7367e5bbf5b052c7284fa1feca729c04176ce513521afd8a0",
                "sha256:e3297a6a4059b4acc3a1e9a8b04741f240a80044eef08ebd32e8b5bcdddce75b",
                "sha256:ee08ebfa58f6e1aeff5697ab9582105bb620008c1caafb681e4c557e7483027b",
                "sha256:ef3048ef05dbb552b89817713d9cac912e00d0fde4a3105c00d29e52e10c89af",
                "sha256:fd1e3094f42d806d3d7c79162fc59e5910fcbe3a7360c385b8da969bc4493745"
            ],
            "markers": "python_version >= '3.10'",
            "version": "==4.63.0"
        },
        "gmpy2": {
            "file": "https://download.lfd.uci.edu/pythonlibs/r4tycu3t/gmpy2-2.0.8-cp39-cp39-win_amd64.whl",
            "hashes": [
                "sha256:19af99705368362d1bc7befe1ed722965be457094d4fbc464b366c93a54b8a10",
                "sha256:288510251de747ac26c378ff5c1ebc9468323c10e511f470a41847d4ecd05f54",
                "sha256:2e576baad2ee059a38f9c0a79c2857c22c8d084765ee2fcc826aff43f9edcb65",
                "sha256:92f980c4bf5035e1eea4634817ec8a9a8d5b541bbec9f1a41fd4bb405b1bb81c",
                "sha256:9b53e8da0bcac6fbd509bc6a9174730e00ec8eaf43a5e43154985736bdae4b1f",
                "sha256:c6343b5836f66281934a9ed23d786008385fdc2433288bb1a626daea57aebd04",
                "sha256:db4b58b5b2455118bf3fa56b8fcc82e4ef1b138a6b81f92ca7ef6f2f88711131",
                "sha256:dd233e3288b90f21b0bb384bcc7a7e73557bb112ccf0032ad52aa614eb373d3f",
                "sha256:e70435412e605f0c685b5ab524b969f3fdcdf076d6116290ad8d1329cfded496",
                "sha256:fc116f425cc44b9b3835173ba5607be3c5a5093d23b25a6e0b2b1c42177fcc75",
                "sha256:fc959314c8a378c927e2b7a41baccf8ad2a9fcf5c7afe06a84a4a47253ed7060"
            ],
            "index": "pypi",
            "version": "==2.0.8"
        },
        "graphviz": {
            "hashes": [
                "sha256:3cad5517c961090dfc679df6402a57de62d97703e2880a1a46147bb0dc1639eb",
                "sha256:d2d25af1c199cad567ce4806f0449cb74eb30cf451fd7597251e1da099ac6e57"
            ],
            "index": "pypi",
            "version": "==0.16"
        },
        "idna": {
            "hashes": [
                "sha256:b307872f855b18632ce0c21c5e45be78c0ea7ae4c15c828c20788b26921eb3f6",
                "sha256:b97d804b1e9b523befed77c48dacec60e6dcb0b5391d57af6a65a312a90648c0"
            ],
            "markers": "python_version >= '2.7' and python_version not in '3.0, 3.1, 3.2, 3.3'",
            "version": "==2.10"
        },
        "kiwisolver": {
            "hashes": [
                "sha256:012b1eb16e28718fa782b5e61dc6f2da1f0792ca73bd05d54de6cb9561665fc9",
                "sha256:01808c6d15f4c3e8559595d6d1fe6411c68e4a3822b4b9972b44473b24f4e679",
                "sha256:0255a027391d52944eae1dbb5d4cc5903f57092f3674e8e544cdd2622826b3f0",
                "sha256:0b85aad90cea8ac6797a53b5d5f2e967334fa4d1149f031c4537569972596cb8",
                "sha256:0bf3acf1419fa93064a4c2189ac0b58e3be7872bf6ee6177b0d4c63dc4cea276",
                "sha256:0c50b89ffd3e1a911c69a1dd3de7173c0cd10b130f56222e57898683841e4f96",
                "sha256:0cbe94b69b819209a62cb27bdfa5dc2a8977d8de2f89dfd97ba4f53ed3af754e",
                "sha256:0df54df7e686afa55e6f21fb86195224a6d9beb71d637e8d7920c95cf0f89aac",
                "sha256:0e3aafb33aed7479377e5e9a82e9d4bf87063741fc99fc7ae48b0f16e32bdd6f",
                "sha256:12e91c215a96e39f57989c8912ae761286ac5a9584d04030ceb3368a357f017a",
                "sha256:1465387ac63576c3e125e5337a6892b9e99e0627d52317f3ca79e6930d889d15",
                "sha256:16b85d37c2cbb3253226d26e64663f755d88a03439a9c47df6246b35defbdfb7",
                "sha256:1b0feb50971481a2cc44d94e88bdb02cdd497618252ae226b8eb1201b957e368",
                "sha256:1d49a49ac4cbfb7c1375301cd1ec90169dfeae55ff84710d782260ce77a75a02",
                "sha256:1d9daea4ea6b9be74fe2f01f7fbade8d6ffab263e781274cffca0dba9be9eec9",
                "sha256:1dd9b0b119a350976a6d781e7278ec7aca0b201e1a9e2d23d9804afecb6ca681",
                "sha256:1f1489f769582498610e015a8ef2d36f28f505ab3096d0e16b4858a9ec214f57",
                "sha256:2517e24d7315eb51c10664cdb865195df38ab74456c677df67bb47f12d088a27",
                "sha256:295d9ffe712caa9f8a3081de8d32fc60191b4b51c76f02f951fd8407253528f4",
                "sha256:2a075bd7bd19c70cf67c8badfa36cf7c5d8de3c9ddb8420c51e10d9c50e94920",
                "sha256:32cc0a5365239a6ea0c6ed461e8838d053b57e397443c0ca894dcc8e388d4374",
                "sha256:332b4f0145c30b5f5ad9374881133e5aa64320428a57c2c2b61e9d891a51c2f3",
                "sha256:377815a8616074cabbf3f53354e1d040c35815a134e01d7614b7692e4bf8acfa",
                "sha256:38f4a703656f493b0ad185211ccfca7f0386120f022066b018eb5296d8613e23",
                "sha256:3ac2360e93cb41be81121755c6462cff3beaa9967188c866e5fce5cf13170859",
                "sha256:3c4923e404d6bcd91b6779c009542e5647fef32e4a5d75e115e3bbac6f2335eb",
                "sha256:3cdcb35dc9d807259c981a85531048ede628eabcffb3239adf3d17463518992d",
                "sha256:41024ed50e44ab1a60d3fe0a9d15a4ccc9f5f2b1d814ff283c8d01134d5b81bc",
                "sha256:413b820229730d358efd838ecbab79902fe97094565fdc80ddb6b0a18c18a581",
                "sha256:4432b835675f0ea7414aab3d37d119f7226d24869b7a829caeab49ebda407b0c",
                "sha256:4db576bb8c3ef9365f8b40fe0f671644de6736ae2c27a2c62d7d8a1b4329f099",
                "sha256:4e7f886f47ab881692f278ae901039a234e4025a68e6dfab514263a0b1c4ae05",
                "sha256:4e9750bc21b886308024f8a54ccb9a2cc38ac9fa813bf4348434e3d54f337ff9",
                "sha256:5060731cc3ed12ca3a8b57acd4aeca5bbc2f49216dd0bec1650a1acd89486bcd",
                "sha256:50847dca5d197fcbd389c805aa1a1cf32f25d2e7273dc47ab181a517666b68cc",
                "sha256:5092eb5b1172947f57d6ea7d89b2f29650414e4293c47707eb499ec07a0ac796",
                "sha256:5124d1ea754509b09e53738ec185584cc609aae4a3b510aaf4ed6aa047ef9303",
                "sha256:51e8c4084897de9f05898c2c2a39af6318044ae969d46ff7a34ed3f96274adca",
                "sha256:530a3fd64c87cffa844d4b6b9768774763d9caa299e9b75d8eca6a4423b31314",
                "sha256:56fa888f10d0f367155e76ce849fa1166fc9730d13bd2d65a2aa13b6f5424489",
                "sha256:58f812017cd2985c21fbffb4864d59174d4903dd66fa23815e74bbc7a0e2dd57",
                "sha256:59cd8683f575d96df5bb48f6add94afc055012c29e28124fcae2b63661b9efb1",
                "sha256:5ae8e62c147495b01a0f4765c878e9bfdf843412446a247e28df59936e99e797",
                "sha256:5b233ea3e165e43e35dba1d2b8ecc21cf070b45b65ae17dd2747d2713d942021",
                "sha256:6176c1811d9d5a04fa391c490cc44f451e240697a16977f11c6f722efb9041db",
                "sha256:62f59da443c4f4849f73a51a193b1d9d258dcad0c41bc4d1b8fb2bcc04bfeb22",
                "sha256:6783e069732715ad0c3ce96dbf21dbc2235ab0593f2baf6338101f70371f4028",
                "sha256:6ab8ba9152203feec73758dad83af9a0bbe05001eb4639e547207c40cfb52083",
                "sha256:70d593af6a6ca332d1df73d519fddb5148edb15cd90d5f0155e3746a6d4fcc65",
                "sha256:72ec46b7eba5b395e0a7b63025490d3214c11013f4aacb4f5e8d6c3041829588",
                "sha256:7a32f72973f0f950c1920475d5c5ea3d971b81b6f0ec53b8d0a956cc965f22e0",
                "sha256:7a4aa69609f40fce3cbc3f87b2061f042eee32f94b8f11db707b66a26461591a",
                "sha256:7c60d3c9b06fb23bd9c6139281ccbdc384297579ae037f08ae90c69f6845c0b1",
                "sha256:800ee55980c18545af444d93fdd60c56b580db5cc54867d8cbf8a1dc0829938c",
                "sha256:80aa065ffd378ff784822a6d7c3212f2d5f5e9c3589614b5c228b311fd3063ac",
                "sha256:86e0287879f75621ae85197b0877ed2f8b7aa57b511c7331dce2eb6f4de7d476",
                "sha256:893ff3a711d1b515ba9da14ee090519bad4610ed1962fbe298a434e8c5f8db53",
                "sha256:89fc958c702ee9a745e4700378f5d23fddbc46ff89e8fdbf5395c24d5c1452a3",
                "sha256:8c63c91f95173f9c2a67c7c526b2cea976828a0e7fced9cdcead2802dc10f8a4",
                "sha256:8df31fe574b8b3993cc61764f40941111b25c2d9fea13d3ce24a49907cd2d615",
                "sha256:8f9baf6f0a6e7571c45c8863010b45e837c3ee1c2c77fcd6ef423be91b21fedb",
                "sha256:9027d773c4ff81487181a925945743413f6069634d0b122d0b37684ccf4f1e18",
                "sha256:9190426b7aa26c5229501fa297b8d0653cfd3f5a36f7990c264e157cbf886b3b",
                "sha256:940dda65d5e764406b9fb92761cbf462e4e63f712ab60ed98f70552e496f3bf1",
                "sha256:94eff26096eb5395136634622515b234ecb6c9979824c1f5004c6e3c3c85ccd2",
                "sha256:9eed0f7edbb274413b6ee781cca50541c8c0facd3d6fd289779e494340a2b85c",
                "sha256:ad4ae4ffd1ee9cd11357b4c66b612da9888f4f4daf2f36995eda64bd45370cac",
                "sha256:b0f172dc8ffaccb8522d7c5d899de00133f2f1ca7b0a49b7da98e901de87bf2d",
                "sha256:b2af221f268f5af85e776a73d62b0845fc8baf8ef0abfae79d29c77d0e776aaf",
                "sha256:b7d335370ae48a780c6e6a6bbfa97342f563744c39c35562f3f367665f5c1de2",
                "sha256:b83af57bdddef03c01a9138034c6ff03181a3028d9a1003b301eb1a55e161a3f",
                "sha256:bb5136fb5352d3f422df33f0c879a1b0c204004324150cc3b5e3c4f310c9049f",
                "sha256:bc4d8e252f532ab46a1de9349e2d27b91fce46736a9eedaa37beaca66f574ed4",
                "sha256:bdd3e53429ff02aa319ba59dfe4ceeec345bf46cf180ec2cf6fd5b942e7975e9",
                "sha256:be12f931839a3bdfe28b584db0e640a65a8bcbc24560ae3fdb025a449b3d754e",
                "sha256:be4a51a55833dc29ab5d7503e7bcb3b3af3402d266018137127450005cdfe737",
                "sha256:beb7f344487cdcb9e1efe4b7a29681b74d34c08f0043a327a74da852a6749e7b",
                "sha256:bf4679a3d71012a7c2bf360e5cd878fbd5e4fcac0896b56393dec239d81529ed",
                "sha256:c0e1403fd7c26d77c1f03e096dc58a5c726503fa0db0456678b8668f76f521e3",
                "sha256:c31c13da98624f957b0fb1b5bae5383b2333c2c3f6793d9825dd5ce79b525cb7",
                "sha256:c438f6ca858697c9ab67eb28246c92508af972e114cac34e57a6d4ba17a3ac08",
                "sha256:c8277104ded0a51e699c8c3aff63ce2c56d4ed5519a5f73e0fd7057f959a2b9e",
                "sha256:c95cab08d1965db3d84a121f1c7ce7479bdd4072c9b3dafd8fecce48a2e6b902",
                "sha256:cc0b66c1eec9021353a4b4483afb12dfd50e3669ffbb9152d6842eb34c7e29fd",
                "sha256:cdee07c4d7f6d72008d3f73b9bf027f4e11550224c7c50d8df1ae4a37c1402a6",
                "sha256:ce9bf03dad3b46408c08649c6fbd6ca28a9fce0eb32fdfffa6775a13103b5310",
                "sha256:cff8e5383db4989311f99e814feeb90c4723eb4edca425b9d5d9c3fefcdd9537",
                "sha256:d168fda2dbff7b9b5f38e693182d792a938c31db4dac3a80a4888de603c99554",
                "sha256:d1ffeb80b5676463d7a7d56acbe8e37a20ce725570e09549fe738e02ca6b7e1e",
                "sha256:d36ca54cb4c6c4686f7cbb7b817f66f5911c12ddb519450bbe86707155028f87",
                "sha256:d4193f3d9dc3f6f79aaed0e5637f45d98850ebf01f7ca20e69457f3e8946b66a",
                "sha256:d5cd5189fc2b6a538b75ae45433140c4823463918f7b1617c31e68b085c0022c",
                "sha256:d618fd27420381a4f6044faa71f46d8bfd911bd077c555f7138ed88729bfbe79",
                "sha256:d76e2d8c75051d58177e762164d2e9ab92886534e3a12e795f103524f221dd8e",
                "sha256:daae526907e262de627d8f70058a0f64acc9e2641c164c99c8f594b34a799a16",
                "sha256:db485b3847d182b908b483b2ed133c66d88d49cacf98fd278fadafe11b4478d1",
                "sha256:dd952e03bfbb096cfe2dd35cd9e00f269969b67536cb4370994afc20ff2d0875",
                "sha256:dda366d548e89a90d88a86c692377d18d8bd64b39c1fb2b92cb31370e2896bbd",
                "sha256:e315e5ec90d88e140f57696ff85b484ff68bb311e36f2c414aa4286293e6dee0",
                "sha256:e4415a8db000bf49a6dd1c478bf70062eaacff0f462b92b0ba68791a905861f9",
                "sha256:e7a116ae737f0000343218c4edf5bd45893bfeaff0993c0b215d7124c9f77646",
                "sha256:e7c4c09a490dc4d4a7f8cbee56c606a320f9dc28cf92a7157a39d1ce7676a657",
                "sha256:ebae99ed6764f2b5771c522477b311be313e8841d2e0376db2b10922daebbba4",
                "sha256:ec4c85dc4b687c7f7f15f553ff26a98bfe8c58f5f7f0ac8905f0ba4c7be60232",
                "sha256:ed3a984b31da7481b103f68776f7128a89ef26ed40f4dc41a2223cda7fb24819",
                "sha256:f18c2d9782259a6dc132fdc7a63c168cbc74b35284b6d75c673958982a378384",
                "sha256:f1f9f4121ec58628c96baa3de1a55a4e3a333c5102c8e94b64e23bf7b2083309",
                "sha256:f42c23db5d1521218a3276bb08666dcb662896a0be7347cba864eca45ff64ede",
                "sha256:f443b4825c50a51ee68585522ab4a1d1257fac65896f282b4c6763337ac9f5d2",
                "sha256:f6764a4ccab3078db14a632420930f6186058750df066b8ea2a7106df91d3203",
                "sha256:f7c7553b13f69c1b29a5bde08ddc6d9d0c8bfb84f9ed01c30db25944aeb852a7",
                "sha256:fa6248cd194edff41d7ea9425ced8ca3a6f838bfb295f6f1d6e6bb694a8518df",
                "sha256:fa8eb9ecdb7efb0b226acec134e0d709e87a909fa4971a54c0c4f6e88635484c",
                "sha256:fc20894c3d21194d8041a28b65622d5b86db786da6e3cfe73f0c762951a61167",
                "sha256:fc4d3f1fb9ca0ae9f97b095963bc6326f1dbfd3779d6679a1e016b9baaa153d3",
                "sha256:fd40bb9cd0891c4c3cb1ddf83f8bbfa15731a248fdc8162669405451e2724b09",
                "sha256:ff710414307fefa903e0d9bdf300972f892c23477829f49504e59834f4195398"
            ],
            "markers": "python_version >= '3.10'",
            "version": "==1.5.0"
        },
        "matplotlib": {
            "hashes": [
                "sha256:09218df8a93712bd6ea133e83a153c755448cf7868316c531cffcc43f69d1cc9",
                "sha256:10cc5ce06d10231c36f40e875f3c7e8050362a4ee8f0ee5d29a6b3277d57bb42",
                "sha256:172db52c9e683f5d12eaf57f0f54834190e12581fe1cc2a19595a8f5acb4e77d",
                "sha256:1872fb212a05b729e649754a72d5da61d03e0554d76e80303b6f83d1d2c0552b",
                "sha256:1aa972116abb4c9d201bf245620b433726cb6856f3bef6a78f776a00f5c92d37",
                "sha256:1e7698ac9868428e84d2c967424803b2472ff7167d9d6590d4204ed775343c3b",
                "sha256:2dc9477819ffd78ad12a20df1d9d6a6bd4fec6aaa9072681465fddca052f1456",
                "sha256:3225f4e1edcb8c86c884ddf79ebe20ecd0a67d30188f279897554ccd8fded4dc",
                "sha256:336b9acc64d309063126edcdaca00db9373af3c476bb94388fe9c5a53ad13e6f",
                "sha256:345f6f68ecc8da0ca56fad2ea08fde1a115eda530079eca185d50a7bc3e146c6",
                "sha256:34cf8167e023ad956c15f36302911d5406bd99a9862c1a8499ea6f7c0e015dc2",
                "sha256:3fc0364dfbe1d07f6d15c5ebd0c5bf89e126916e5a8667dd4a7a6e84c36653d4",
                "sha256:41cb28c2bd769aa3e98322c6ab09854cbcc52ab69d2759d681bba3e327b2b320",
                "sha256:42fb814efabe95c06c1994d8ab5a8385f43a249e23badd3ba931d4308e5bca20",
                "sha256:4e42042d54db34fda4e95a7bd3e5789c2a995d2dad3eb8850232ee534092fbbf",
                "sha256:4edcfbd8565339aa62f1cd4012f7180926fdbe71850f7b0d3c379c175cd6b66c",
                "sha256:51bf0ddbdc598e060d46c16b5590708f81a1624cefbaaf62f6a81bf9285b8c80",
                "sha256:56fc0bd271b00025c6edfdc7c2dcd247372c8e1544971d62e1dc7c17367e8bf9",
                "sha256:59476c6d29d612b8e9bb6ce8c5b631be6ba8f9e3a2421f22a02b192c7dd28716",
                "sha256:6640f75af2c6148293caa0a2b39dd806a492dd66c8a8b04035813e33d0fd2585",
                "sha256:68cfdcede415f7c8f5577b03303dd94526cdb6d11036cecdc205e08733b2d2bb",
                "sha256:6b63d9c7c769b88ab81e10dc86e4e0607cf56817b9f9e6cf24b2a5f1693b8e38",
                "sha256:6be157fe17fc37cb95ac1d7374cf717ce9259616edec911a78d9d26dae8522d4",
                "sha256:6c63ebcd8b4b169eb2f5c200552ae6b8be8999a005b6b507ed76fb8d7d674fe2",
                "sha256:77210dce9cb8153dffc967efaae990543392563d5a376d4dd8539bebcb0ed217",
                "sha256:7a8d66a55def891c33147ba3ba9bfcabf0b526a43764c818acbb4525e5ed0838",
                "sha256:82368699727bfb7b0182e1aa13082e3c08e092fa1a25d3e1fd92405bff96f6d4",
                "sha256:82834c3c292d24d3a8aae77cd2d20019de69d692a34a970e4fdb8d33e2ea3dda",
                "sha256:8e436d155fa8a3399dc62683f8f5d0e2e50d25d0144a73edd73f82eec8f4abfb",
                "sha256:8f3bcac1ca5ed000a6f4337d47ba67dfddf37ed6a46c15fd7f014997f7bf865f",
                "sha256:97e35e8d39ccc85859095e01a53847432ba9a53ddf7986f7a54a11b73d0e143f",
                "sha256:985f2238880e2e69093f588f5fe2e46771747febf0649f3cf7f7b7480875317f",
                "sha256:a49f1eadc84ca85fd72fa4e89e70e61bf86452df6f971af04b12c60761a0772c",
                "sha256:a5a6104ed666402ba5106d7f36e0e0cdca4e8d7fa4d39708ca88019e2835a2eb",
                "sha256:aba1615dabe83188e19d4f75a253c6a08423e04c1425e64039f800050a69de6b",
                "sha256:ae20801130378b82d647ff5047c07316295b68dc054ca6b3c13519d0ea624285",
                "sha256:ae2f11957b27ce53497dd4d7b235c4d4f1faf383dfb39d0c5beb833bff883294",
                "sha256:b049278ddce116aaa1c1377ebf58adea909132dfce0281cf7e3a1ea9fc2e2c65",
                "sha256:b1b745c489cd1a77a0dc1120a05dc87af9798faebc913601feb8c73d89bf2d1e",
                "sha256:b2b9516251cb89ff618d757daec0e2ed1bf21248013844a853d87ef85ab3081d",
                "sha256:b580440f1ff81a0e34122051a3dfabb7e4b7f9e380629929bde0eff9af72165f",
                "sha256:ba7b3b8ef09eab7df0e86e9ae086faa433efbfbdb46afcb3aa16aabf779469a8",
                "sha256:c27df8b3848f32a83d1767566595e43cfaa4460380974da06f4279a7ec143c39",
                "sha256:d091f9d758b34aaaaa6331d13574bf01891d903b3dec59bfff458ef7551de5d6",
                "sha256:d730e984eddf56974c3e72b6129c7ca462ac38dc624338f4b0b23eb23ecba00f",
                "sha256:d75d11c949914165976c621b2324f9ef162af7ebf4b057ddf95dd1dba7e5edcf",
                "sha256:d843374407c4017a6403b59c6c81606773d136f3259d5b6da3131bc814542cc2",
                "sha256:da4e09638420548f31c354032a6250e473c68e5a4e96899b4844cf39ddea23fe",
                "sha256:de2445a0c6690d21b7eb6ce071cebad6d40a2e9bdf10d039074a96ba19797b99",
                "sha256:dfca0129678bd56379db26c52b5d77ed7de314c047492fbdc763aa7501710cfb",
                "sha256:e9fae004b941b23ff2edcf1567a857ed77bafc8086ffa258190462328434faf8",
                "sha256:f0c3c28d9fbcc1fe7a03be236d73430cf6409c41fb2383a7ac52fe932b072cb1",
                "sha256:f4399f64b3e94cd500195490972ae1ee81170df1636fa15364d157d5bdd7b921",
                "sha256:f76e640a5268850bfda54b5131b1b1941cc685e42c5fa98ed9f2d64038308cba",
                "sha256:fd66508e8c6877d98e586654b608a0456db8d7e8a546eb1e2600efd957302358"
            ],
            "index": "pypi",
            "markers": "python_version >= '3.10'",
            "version": "==3.10.9"
        },
        "numpy": {
            "hashes": [
                "sha256:038613e9fb8c72b0a41f025a7e4c3f0b7a1b5d768ece4796b674c8f3fe13efff",
                "sha256:0678000bb9ac1475cd454c6b8c799206af8107e310843532b04d49649c717a47",
                "sha256:0811bb762109d9708cca4d0b13c4f67146e3c3b7cf8d34018c722adb2d957c84",
                "sha256:0b605b275d7bd0c640cad4e5d30fa701a8d59302e127e5f79138ad62762c3e3d",
                "sha256:0bca768cd85ae743b2affdc762d617eddf3bcf8724435498a1e80132d04879e6",
                "sha256:1bc23a79bfabc5d056d106f9befb8d50c31ced2fbc70eedb8155aec74a45798f",
                "sha256:287cc3162b6f01463ccd86be154f284d0893d2b3ed7292439ea97eafa8170e0b",
                "sha256:37c0ca431f82cd5fa716eca9506aefcabc247fb27ba69c5062a6d3ade8cf8f49",
                "sha256:37e990a01ae6ec7fe7fa1c26c55ecb672dd98b19c3d0e1d1f326fa13cb38d163",
                "sha256:389d771b1623ec92636b0786bc4ae56abafad4a4c513d36a55dce14bd9ce8571",
                "sha256:3d70692235e759f260c3d837193090014aebdf026dfd167834bcba43e30c2a42",
                "sha256:41c5a21f4a04fa86436124d388f6ed60a9343a6f767fced1a8a71c3fbca038ff",
                "sha256:481b49095335f8eed42e39e8041327c05b0f6f4780488f61286ed3c01368d491",
                "sha256:4eeaae00d789f66c7a25ac5f34b71a7035bb474e679f410e5e1a94deb24cf2d4",
                "sha256:55a4d33fa519660d69614a9fad433be87e5252f4b03850642f88993f7b2ca566",
                "sha256:5a6429d4be8ca66d889b7cf70f536a397dc45ba6faeb5f8c5427935d9592e9cf",
                "sha256:5bd4fc3ac8926b3819797a7c0e2631eb889b4118a9898c84f585a54d475b7e40",
                "sha256:5beb72339d9d4fa36522fc63802f469b13cdbe4fdab4a288f0c441b74272ebfd",
                "sha256:6031dd6dfecc0cf9f668681a37648373bddd6421fff6c66ec1624eed0180ee06",
                "sha256:71594f7c51a18e728451bb50cc60a3ce4e6538822731b2933209a1f3614e9282",
                "sha256:74d4531beb257d2c3f4b261bfb0fc09e0f9ebb8842d82a7b4209415896adc680",
                "sha256:7befc596a7dc9da8a337f79802ee8adb30a552a94f792b9c9d18c840055907db",
                "sha256:894b3a42502226a1cac872f840030665f33326fc3dac8e57c607905773cdcde3",
                "sha256:8e41fd67c52b86603a91c1a505ebaef50b3314de0213461c7a6e99c9a3beff90",
                "sha256:8e9ace4a37db23421249ed236fdcdd457d671e25146786dfc96835cd951aa7c1",
                "sha256:8fc377d995680230e83241d8a96def29f204b5782f371c532579b4f20607a289",
                "sha256:9551a499bf125c1d4f9e250377c1ee2eddd02e01eac6644c080162c0c51778ab",
                "sha256:b0544343a702fa80c95ad5d3d608ea3599dd54d4632df855e4c8d24eb6ecfa1c",
                "sha256:b093dd74e50a8cba3e873868d9e93a85b78e0daf2e98c6797566ad8044e8363d",
                "sha256:b412caa66f72040e6d268491a59f2c43bf03eb6c96dd8f0307829feb7fa2b6fb",
                "sha256:b4f13750ce79751586ae2eb824ba7e1e8dba64784086c98cdbbcc6a42112ce0d",
                "sha256:b64d8d4d17135e00c8e346e0a738deb17e754230d7e0810ac5012750bbd85a5a",
                "sha256:ba10f8411898fc418a521833e014a77d3ca01c15b0c6cdcce6a0d2897e6dbbdf",
                "sha256:bd48227a919f1bafbdda0583705e547892342c26fb127219d60a5c36882609d1",
                "sha256:c1f9540be57940698ed329904db803cf7a402f3fc200bfe599334c9bd84a40b2",
                "sha256:c820a93b0255bc360f53eca31a0e676fd1101f673dda8da93454a12e23fc5f7a",
                "sha256:ce47521a4754c8f4593837384bd3424880629f718d87c5d44f8ed763edd63543",
                "sha256:d042d24c90c41b54fd506da306759e06e568864df8ec17ccc17e9e884634fd00",
                "sha256:de749064336d37e340f640b05f24e9e3dd678c57318c7289d222a8a2f543e90c",
                "sha256:e1dda9c7e08dc141e0247a5b8f49cf05984955246a327d4c48bda16821947b2f",
                "sha256:e29554e2bef54a90aa5cc07da6ce955accb83f21ab5de01a62c8478897b264fd",
                "sha256:e3143e4451880bed956e706a3220b4e5cf6172ef05fcc397f6f36a550b1dd868",
                "sha256:e8213002e427c69c45a52bbd94163084025f533a55a59d6f9c5b820774ef3303",
                "sha256:efd28d4e9cd7d7a8d39074a4d44c63eda73401580c5c76acda2ce969e0a38e83",
                "sha256:f0fd6321b839904e15c46e0d257fdd101dd7f530fe03fd6359c1ea63738703f3",
                "sha256:f1372f041402e37e5e633e586f62aa53de2eac8d98cbfb822806ce4bbefcb74d",
                "sha256:f2618db89be1b4e05f7a1a847a9c1c0abd63e63a1607d892dd54668dd92faf87",
                "sha256:f447e6acb680fd307f40d3da4852208af94afdfab89cf850986c3ca00562f4fa",
                "sha256:f92729c95468a2f4f15e9bb94c432a9229d0d50de67304399627a943201baa2f",
                "sha256:f9f1adb22318e121c5c69a09142811a201ef17ab257a1e66ca3025065b7f53ae",
                "sha256:fc0c5673685c508a142ca65209b4e79ed6740a4ed6b2267dbba90f34b0b3cfda",
                "sha256:fc7b73d02efb0e18c000e9ad8b83480dfcd5dfd11065997ed4c6747470ae8915",
                "sha256:fd83c01228a688733f1ded5201c678f0c53ecc1006ffbc404db9f7a899ac6249",
                "sha256:fe27749d33bb772c80dcd84ae7e8df2adc920ae8297400dabec45f0dedb3f6de",
                "sha256:fee4236c876c4e8369388054d02d0e9bb84821feb1a64dd59e137e6511a551f8"
            ],
            "markers": "python_version >= '3.10'",
            "version": "==2.2.6"
        },
        "packaging": {
            "hashes": [
                "sha256:94edc256424af38762eb31306eed28beb9f0efc50a8837492c9d6fd6004aed79",
                "sha256:d7193f7c8e4e93f444fde0262bf90af30e16fa0ad0ad44cb553c87339b23cd1c"
            ],
            "markers": "python_version >= '3.9'",
            "version": "==26.3"
        },
        "pillow": {
            "hashes": [
                "sha256:00808c5e14ef63ac5161091d242999076604ff74b883423a11e5d7bbb38bf756",
                "sha256:04f01d28a6aaff387bf842a13be313df23ba0597a44f1a976c9feb3c6ff4711a",
                "sha256:06ff022112bc9cbf83b60f8e028d94ad87b60621706487e65f673de61610ab59",
                "sha256:0740a512dc522224c77d9aa5a8d70d8b7d73fb91f2c21125d8d025d3b8990e45",
                "sha256:0847a763afefb695bc912d7c131e7e0632d4edc1d8698f58ddabec8e46b8b6d3",
                "sha256:0dd2064cbc55aaec028ef5fbb60fa47bb6c3e7918e07ff17935284b227a9d2df",
                "sha256:0feb2e9d6ad6c9e3c06effe9d00f3f1e618a6643273576b016f591e9315a7139",
                "sha256:10e41f0fbf1eec8cfd234b8fe17a4caac7c9d0db4c204d3c173a8f9f6ef3232b",
                "sha256:1182d52bc2d5e5d7d0949503aa7e36d12f42205dc287e4883f407b1988820d39",
                "sha256:164b31cd1a0490ab6efae01aa5df49da7061be0af1b30e035b6e9a1bfe34ee6e",
                "sha256:1657923d2d45afb66526e5b933e5b3052e6bdea196c90d3abb2424e18c77dae8",
                "sha256:186941b6aef820ad110fb01fb06eb925374dc3a21b17e37ec9a53b250c6fe2d1",
                "sha256:1cca606cd25738df4ed873d5ad46bbdb3d83b5cbca291f6b4ff13a4df6b0bbe8",
                "sha256:21900ce7ba264168cd50defae43cd75d25c833ad4ad6e73ffc5596d12e25ac89",
                "sha256:236ff70b9312fb68943c703aa842ca6a758abfa45ac187a5e7c1452e96ef72b5",
                "sha256:23aceaa007d6172b02c277f0cd359c79492bbb14f7072b4ede9fbcaf20648130",
                "sha256:23d27a3e0307ec2244cc51e7287b919aa68d097504ebe19df4e76a98a3eea5bd",
                "sha256:24870b09b224f7ae3c39ed07d10e819d06f8720bc551847b1d623832b5b0e28d",
                "sha256:251bf95b67017e27b13d82f5b326234ca62d70f9cf4c2b9032de2358a3b12c7b",
                "sha256:25b9b82bb22e6e2b3cd07b39c68b7b862001226cb3dff7130d1cb914121b39ed",
                "sha256:28ce87c5ab450a9dd970b52e5aca5fe63ed432d18a2eaddd1979a00a1ba24ace",
                "sha256:300557495eb45ebb8aec96c2da9c4be642fbf7cd937278b4013ba894ea8eb0eb",
                "sha256:30f2aa603c41533cc25c05acd0da21636e84a315768feb631c937177db558931",
                "sha256:331b624368d4f1d069149002f25f44bc61c8919ce8ddb3c45bdad8f6e2d89510",
                "sha256:37d6d0a00072fd2948eb22bce7e1475f34569d90c87c59f7a2ec59541b77f7a6",
                "sha256:37dc8f7bbb66efe481bb60defacef820c950c24713fb44962ed6aa2a50966de1",
                "sha256:3b8182a766685eaa002637e28b4ec8d6b18819a0c71f579bf0dbaa5830297cce",
                "sha256:3edce1d53195db527e0191f84b71d02022de0540bf43a16ed734ed7537b07385",
                "sha256:446c34dcc4324b084a53b705127dc15717b22c5e140ae0a3c38349d4efec071e",
                "sha256:4998562bf62a445225f22e07c896bb04b35b1b1f2eb6d760584c9c51d7a5f78c",
                "sha256:4b0a7fe987b14c31ebda6083f74f22b561fd3739bc0ac51e019622e3d72668c7",
                "sha256:4e8c2a84d977f50b9daed6eeaf3baef67d00d5d74d932288f02cb94518ee3ace",
                "sha256:4f883547d4b7f0495ebe7056b0cc2aea76094e7a4abc8e933540f3271df27d9c",
                "sha256:514435a37670e3e5e08f3945b68718b6ed329bb84367777e16f9f4dfe1e61a0f",
                "sha256:53aa02d20d10c3d814d536aa4e5ac9b84ca0ff5a88377963b085ad6822f93e64",
                "sha256:5594fc43d548a7ed94949d139aa1341b270f1863f11cfd37f5a6c8b778a6b67f",
                "sha256:571b9fcb07b97ef3a492028fb3d2dc0993ca23a06138b0315286566d29ef718a",
                "sha256:57b3d78c95ba9059768b10e28b813002261d3f3dfc55cc48b0c988f625175827",
                "sha256:5afb51d599ea772b8365ae807ae557f18bccfe46ab261fd1c2a9ed700fc6eb17",
                "sha256:6b02afb9b97f65fbca5f31db6a2a3ba21aa93030225f150fa3f249717e938fb4",
                "sha256:6c0016e7b354317c4e9e525b937ac8596c38d2d232b419529b9cd7a1cd46e39a",
                "sha256:71d6097b330eea8fd15097780c8e89cb1a8ce7838669f48c5bacd6f663dd4701",
                "sha256:756c768d0c9c2955feb7a56c37ea24aea2e369f8d36a88da270b6a9f19e62b5e",
                "sha256:78cb2c6865a35ab8ff8b75fd122f6033b92a62c82801110e48ddd6c936a45d91",
                "sha256:7a743ff716f746fc19a9557f60dab1600d4613255f8a7aeb3cdde4db7eb15a66",
                "sha256:85f998ea1848bc6757289e739cfbdda3a04adfd58b02fc018ce54d754a5ce468",
                "sha256:8728f216dcdb6e6d555cf971cb34076139ad74b31fc2c14da4fafc741c5f6217",
                "sha256:877c3f311ff35410f690861c4409e7ccbf0cd2f878e50628a28e5a0bb689e658",
                "sha256:8cd2f7bdda092d99c9fc2fb7391354f306d01443d22785d0cbfafa2e2c8bb418",
                "sha256:8e95e1385e4998ae9694eeaa4730ba5457ff61185b3a55e2e7bea0880aef452a",
                "sha256:962864dc93511324d51ddbb5b9f8731bf71675b93ca612a07441896f4688fb8c",
                "sha256:9cf95fe4d0f84c82d282745d9bb08ad9f926efa00be4697e767b814ce40d4330",
                "sha256:9e881fca225083806662a5c43d627d215f258ff43c890f831966c7d7ba9c7402",
                "sha256:a2b55dd6b2a4c4b7d87ffa56bdb33fdc5fdb9a462173861a7bc097f17d91cb09",
                "sha256:a45650e8ce7fafffd731db8550230db6b0d306d181a90b67d3e6bca2f1990930",
                "sha256:a876864214e136f0eb367788dbd7df045f4806801518e2cfe9e13229cfe06d8f",
                "sha256:ae26d61dfa7a47befdc7572b521024e8745f3d809bd95ca9505a7bba9ef849ec",
                "sha256:af8d94b0db561cf68b88a267c5c44b49e134f525d0dc2cb7ed413a66bc23559a",
                "sha256:b343699e8308bdc51978310e1c959c584e7869cc8c40780058c87da7781a1e94",
                "sha256:b3c777e849237620b022f7f297dd67705f9f5cf1685f09f02e46f93e92725468",
                "sha256:b629de27fda84b42cde7edef0d85f13b958b47f6e9bbcbba9b673c562a89bd8b",
                "sha256:ba09209fbe443b4acccebe845d8a138b89a8f4fbaeedd44953490b5315d5e965",
                "sha256:ba54cfebe86920a559a7c4d6b9050791c20513650a1952ebe3368c7dc70306f8",
                "sha256:bcb46e2f9feff8d06323983bd83ed00c201fdcab3d74973e7072a889b3979fcd",
                "sha256:bcc33feacfaefce60c12fd500a277533bdc02b10a19f7f6d348763d8140bbba7",
                "sha256:bf16ba1b4d0b6b7c8e534936632270cf70eb00dbe09005bc345b2677b726855c",
                "sha256:cf1845d02ad822a369a49f2bb9345b1614744267682e7a03527dc3bf6eea1777",
                "sha256:d69141514cc30b774ceea5e3ed3a6635c8d8a96edf664689b890f4089111fb35",
                "sha256:d9c7f76c0673154f044e9d78c8655fb4213f6ca31a836df48b40fe5d187717b9",
                "sha256:dbce0b29841537a2fa4a214c2bbf14de3587c9680caa9b4e217568472490b28f",
                "sha256:dc624f6bc473dacdf7ef7eb8678d0d08edf15cd94fad6ae5c7d6cc67a4e4902f",
                "sha256:e158cb00350dc278f3b91551101aa7d12415a66ebf2c91d8d5ac14e56ddd3ad0",
                "sha256:e491916b378fba47242221bb9ead245211b70d504f495d105d17b14a24b4907c",
                "sha256:e795b7eb908249c4e43c7c99fac7c2c75dab0c43566e37db472a355f63693d71",
                "sha256:e7e480451b9fa137494bccd3a7d69adbe8ac65a87d97be61e11f1b1050a5bac3",
                "sha256:e91206ee562682b51b98ef4b26a6ef48fd84e15fd4c4bc5ec768eb641d206838",
                "sha256:e9871b1ffbfa9656b60aeee92ed5136a5742696006fa322b29ea3d8da0ecc9cf",
                "sha256:e9aeb04d6aef139de265b29683e119b638208f88cf73cdd1658aa07221165321",
                "sha256:ebaea975e03d3141d9d3a507df75c9b3ec90fa9d2ffd07567b3a978d9d790b26",
                "sha256:f0606c8bf2cdefea14a43530f7657cbbb7ecf1c4222512492ef4a4434a9501ec",
                "sha256:f13c32a3abd6079a66d9526e18dad9b6d280384d49d7c54040cd57b6424041d9",
                "sha256:f7401aebd7f581d7f83a439d87d474999317ee099218e5ad25d125290990ba65",
                "sha256:fa4ecea169a355be7a3ade2c783e2ed12f0e40d2c5621cda8b3297faf7fbb9f5",
                "sha256:fbd139c8447d25dd750ab79ee274cc5e1fe80fc56340ab10b18a195e1b6eca3e",
                "sha256:fdafc9cce40277e0f7a0feabce0ee50dd2fa1800f3b38015e51296b5e814048d",
                "sha256:fe3cca2e4e8a592be0f269a1ca4835c25199d9f3ce815c8491048f785b0a0198",
                "sha256:ffd0c5368496f41b0944be820fcb7a838aa6e623d250b01acf2643939c3f99d7"
            ],
            "markers": "python_version >= '3.10'",
            "version": "==12.3.0"
        },
        "primefac": {
            "editable": true,
            "git": "git://github.com/elliptic-shiho/primefac-fork",
            "ref": "a8ac52a17daad63c55555117f7a6b2712cb52e75"
        },
        "progressbar2": {
            "hashes": [
                "sha256:ef72be284e7f2b61ac0894b44165926f13f5d995b2bf3cd8a8dedc6224b255a7",
                "sha256:fe2738e7ecb7df52ad76307fe610c460c52b50f5335fd26c3ab80ff7655ba1e0"
            ],
            "index": "pypi",
            "version": "==3.53.1"
        },
        "pyparsing": {
            "hashes": [
                "sha256:850ba148bd908d7e2411587e247a1e4f0327839c40e2e5e6d05a007ecc69911d",
                "sha256:c777f4d763f140633dcb6d8a3eda953bf7a214dc4eff598413c070bcdc117cbc"
            ],
            "markers": "python_version >= '3.9'",
            "version": "==3.3.2"
        },
        "python-dateutil": {
            "hashes": [
                "sha256:37dd54208da7e1cd875388217d5e00ebd4179249f90fb72437e91a35459a0ad3",
                "sha256:a8b2bc7bffae282281c8140a97d3aa9c14da0b136dfe83f850eea9a5f7470427"
            ],
            "markers": "python_version >= '2.7' and python_version not in '3.0, 3.1, 3.2'",
            "version": "==2.9.0.post0"
        },
        "python-utils": {
            "hashes": [
                "sha256:18fbc1a1df9a9061e3059a48ebe5c8a66b654d688b0e3ecca8b339a7f168f208",
                "sha256:352d5b1febeebf9b3cdb9f3c87a3b26ef22d3c9e274a8ec1e7048ecd2fac4349"
            ],
            "version": "==2.5.6"
        },
        "requests": {
            "hashes": [
                "sha256:27973dd4a904a4f13b263a19c866c13b92a39ed1c964655f025f3f8d3d75b804",
                "sha256:c210084e36a42ae6b9219e00e48287def368a26d03a048ddad7bfee44f75871e"
            ],
            "markers": "python_version >= '2.7' and python_version not in '3.0, 3.1, 3.2, 3.3, 3.4'",
            "version": "==2.25.1"
        },
        "six": {
            "hashes": [
                "sha256:4721f391ed90541fddacab5acf947aa0d3dc7d27b2e1e8eda2be8970586c3274",
                "sha256:ff70335d468e7eb6ec65b95b99d3a2836546063f63acc5171de367e834932a81"
            ],
            "markers": "python_version >= '2.7' and python_version not in '3.0, 3.1, 3.2'",
            "version": "==1.17.0"
        },
        "tqdm": {
            "hashes": [
                "sha256:5aa445ea0ad8b16d82b15ab342de6b195a722d75fc1ef9934a46bba6feafbc64",
                "sha256:8bb94db0d4468fea27d004a0f1d1c02da3cdedc00fe491c0de986b76a04d6b0a"
            ],
            "index": "pypi",
            "version": "==4.61.2"
        },
        "transitions": {
            "hashes": [
                "sha256:e7a86b31a161a76133f189b3ae9dad2755a80ea4c1e0eee1805648d021fb677d",
                "sha256:f35efa070fbdf9a0f3f093b19f1258068786af75786a8cbcc884444f3d1a66d4"
            ],
            "index": "pypi",
            "version": "==0.8.8"
        },
        "urllib3": {
            "hashes": [
                "sha256:39fb8672126159acb139a7718dd10806104dec1e2f0f6c88aab05d17df10c8d4",
                "sha256:f57b4c16c62fa2760b7e3d97c35b255512fb6b59a259730f36ba32ce9f8e342f"
            ],
            "markers": "python_version >= '2.7' and python_version not in '3.0, 3.1, 3.2, 3.3, 3.4' and python_version < '4'",
            "version": "==1.26.6"
        }
    },
    "develop": {
        "yapf": {
            "hashes": [
                "sha256:408fb9a2b254c302f49db83c59f9aa0b4b0fd0ec25be3a5c51181327922ff63d",
                "sha256:e3a234ba8455fe201eaa649cdac872d590089a18b661e39bbac7020978dd9c2e"
            ],
            "index": "pypi",
            "version": "==0.31.0"
        }
    }
}
