{
    "_meta": {
        "hash": {
            "sha256": "1899bce0fae10602c686ecd525a5f8f177845709dfeccc4a64d4f18724a3a1cd"
        },
        "pipfile-spec": 6,
        "requires": {
            "python_version": "3.9"
        },
        "sources": [
            {
                "name": "pypi",
                "url": "https://pypi.org/simple",
                "verify_ssl": true
            }
        ]
    },
    "default": {
        "bitarray": {
            "hashes": [
                "sha256:019d072e59b8f8cc8524794cccef857a31138e065c2cdbb902dde21f3e7e9744",
                "sha256:0531dce521e00d0d9ee36984f8b198bcd3455f1b8b3cc635efe21114b88e74b6",
                "sha256:067122845b0d8e9d820a390c3516160a699dd6c31c2c71028cc787fcf0f1b632",
                "sha256:06a924dad0562df6bf8a22b22a863b3b9f9f73d118ca1bdbd69322e05bcae0df",
                "sha256:072093df2829ae426fd73c49761dee9e72d68d42a08102d61d04443413da96c1",
                "sha256:094c756c9056aebfa57318ae51eadf02d8959390438130859267f0bdbd342af4",
                "sha256:0dae569d644af8e28576e2f750985aa480fc51a810ba0e3e2cb1bee72619a6ed",
                "sha256:0de09c7c2e366371546de3d88b8d4d5f7d2be38eebafd775981c46919171a0b4",
                "sha256:0ebcd0aee3968952d7e121d643841289f996059aa8a6f495100d6c3f67d1f549",
                "sha256:11be8151782d755c60d65d53f81bc33f7c64dca0a5688657a8978afc667aad00",
                "sha256:11d9102d42b549a702852afb21df481eec7bf1cf870a04e74f9f26652ed0ad0e",
                "sha256:12559dc14eee8f43dc80c7b86f2850319e3e05ac63bdaf52c0b7eae09279420d",
                "sha256:13a58b399414422e9c0462f069511992044ae39ae4b33b176726535a0ce3fb06",
                "sha256:148e8d1d1805bab05a68c322a0a5e817e728a4c09b5ebd484f39463abbcdd561",
                "sha256:162d04f91c6ebb11eadc1dfb16662d1be0055ceda58ea5ea6af2f31970f4df1a",
                "sha256:18918b657d8ff0474847dc981837bfa5e3e239ad7e0261100334172325f1653f",
                "sha256:199826c1be10962b8b0f7919b6be735bff29213ab0b501c3c16d318e4b019221",
                "sha256:19a95f24eae45c0c7d0786b57427a4c0a0d9470ff088550ba035d94d7d6f6789",
                "sha256:1ed01b4b692abbfde7461314f473877604846195a06a2e155c5ec1bb7f1adc9c",
                "sha256:22b5d0bb3dbff3a16e831b57879158d303f0a09c716f7fbef2962a5d4aa1ffbc",
                "sha256:22b7fabca5a0635c4e03c2bba2005a15c64d3a33862aea27db08e38f823fd4d7",
                "sha256:23b8631479fea515ea22c3992a4d6ded44e0475237b652aaec9c9f1c70a72179",
                "sha256:28d84c081dcd3f6d79e964aaa5434431ad46e7cd87698f829b3b745e74bd6b69",
                "sha256:3138fc1695f4fc540ce8409e5478495d3ec1796ffcd2ec8254443cd2f6a779be",
                "sha256:333f57b1095d89d5d71dd862954457f288462fe7c69bccfe416e56812fd8f037",
                "sha256:3e3cc58d6ce4bb9e10cd96a78721ac2d9a1eed10962b49969fa3e2623cc66376",
                "sha256:4145177fe23045e7f416eb7a2b12f34678b5e67e7efed619f79b384b85dd2d4a",
                "sha256:41d6b9670792383e6c604cf96dae9de44a79cbb009068f44bd1350edf4db9283",
                "sha256:4545c9a3938d9e335412cfea384618307638cc4b8a3f7dd21060f19d6287e48a",
                "sha256:47ad63d66add4a1d39c75377b407c22027e72100a60f06c5bf854c6064c74875",
                "sha256:4b064620234f38ded80c455f2c77d62af932fe5fc14e0549ce5c41613d5509f1",
                "sha256:4be66735a49abd28abc366e4ea624b6088cf4b670706a5c7a0852625b4b55942",
                "sha256:52db5f61a601f10fd5676ff5094b4db2f2027b36219ac88a3171f4a98b1ae7bc",
                "sha256:54db9a52b2f6dfe0e4549ac1842c9551f030bfb929474d18e7b6cd83e05cfd55",
                "sha256:571a9b7c480ef003fbc63d3cb76a506a50104672fd9a46bcc65c78734379ec99",
                "sha256:587727a15fe5d9b7d4938b816028d39a51b4660bf564cafd625da3a3457fb75e",
                "sha256:5b02744ea565e0878727ea5dcd9373397ade9fb8a9bffb81f0c0b79859e5b433",
                "sha256:5bbb74b86f4b7b017dd29161b6f05f32f7b49f3076b274de3cafb3180e11c990",
                "sha256:5bd0fbb07a29a987fa523dfdeb50a77a71b6420f95bf6804ab5ec9c996a3e9ec",
                "sha256:5d243d67550c94aa4056d4dc595fba02599177971cd14d8e71f91f1fb2e212e3",
                "sha256:6020bfca6e85b3ba551cc056ddb5cb76ae050bcad840fc541520cc3847d89a68",
                "sha256:66ac3632d2b79e57f0b762be0f331d871ff965e119a54e6e378025614736beb3",
                "sha256:67601981cf27e0379cf6a8824a40ecc88d1ddc138a5df2a1cbf8973d37bac087",
                "sha256:6e043d9d35d78891aa6e096f59c850c549d7da03c2a706b79834073806d170d7",
                "sha256:745b54b772c5e399f37fb22cf09d73f0ff1bc7dc2e25308628c9d3bb39a99e04",
                "sha256:767f804f79ab12ff7084cc4a35d69f11190940215fe42f95e5997d1ca7775a81",
                "sha256:7caae426649b1be88b5ff0079bb4a3625082f4880edb956695be2989fae0eded",
                "sha256:7d6d66564add2d5f9405e754058a0acbbd4475d3de5b607c2f8fc32e82d6b000",
                "sha256:840b1becf4eaecc2252055484126be0032ff578ac18553a2d9a68d54dec498dc",
                "sha256:8474e2ba90091424f1e3f05740939d2bdcce1319ad63ec4aba832910dffb4257",
                "sha256:8882b2bb6b30dbe09ed20cc0c7c934ff8e50f6aefb92d6de233b877e2b008535",
                "sha256:8b2c5159305f1f2478354f3f35f69a599d36203ff14604d98e4d6bb2c2e21e34",
                "sha256:8c3adbe1ae3dc8e58a5a2ea582427deb49221a3a965656620a4a0cec71b8a09e",
                "sha256:8d3dcc6e5c24ba7b6f581446b153fd8575b373149bba6fbcbdc2f109d6a30417",
                "sha256:8e63ddcc77388ca3c596bf7a9c63273d22b79e1674996dadccd11518ca7475ba",
                "sha256:8ea9e6d5a2bb8f245011a414aaa94b4f05d462ad89bf06b08bc43b90d04b0cf1",
                "sha256:8fee04f0594df712c2721e8178b11a36ce3914587672601a946b7a2dd6ba0223",
                "sha256:9434c46a0ccc601a010f7f0538385ceaad6a514b1ed1794829089b8501b05715",
                "sha256:948fe93ee373f33655e984b5c77324a97fd11555f16e4fd60d4e8d9a79dabc49",
                "sha256:94da5be311ded015da3751e817c68a952537342589ba13614328f6854fc930a9",
                "sha256:9539d1d3b2b07349510cb1ead1f25d671c80ed8c07d6a709ab2334f4eff03605",
                "sha256:95f8913893cf8c9a7c161b9bcd922e42e4901ea2a768b763e21fa8f9765917ee",
                "sha256:9601cac1be19a87056c3ebb53a6fd0e695b4c2f2482c95fbc21f45ac737b384f",
                "sha256:a0cf84cfbefc6a8238062af0ff06688e5b63884ff5c2eaf4c9ca5f74423c4c3c",
                "sha256:a1174731b7c182cdc2a70ed860b98a912532fa9cd750459916beddbaa98a18c4",
                "sha256:a11e3a8806f221598b05714181c79d4ffbeb984136231b4cdce2435a17772e67",
                "sha256:a201bb9f53c0550988b0743de32d27c4d7e00d35b25604aa6168649c1f20f5b2",
                "sha256:a5234a4eac63f3c1d73783e51d7a133e19a1338f32ee57f646424555c59a42a3",
                "sha256:a5466cfc28fa5fbbaf63a254e18613d4ab9f7da2a6541b99cf625d10d0cadc72",
                "sha256:a989ad017ac6aa2512e17f478d953de2a457bdfc25f5dc974d1d0caedce42921",
                "sha256:a9a47f8fe495395176f694c2b3454848ff750783c599b7ad98c689f5c2065892",
                "sha256:aae860f54c7b65b4f1b610666e7a9df2a34fac1938ab1734e7f001ca81639d18",
                "sha256:b1edaf829d5fbf0640c211ce83171ade249fc4ea22ac5b87143697e443495c18",
                "sha256:b2be5b44ce2e2b92d5d1a0eab0f3b2ddb9caa2ed4efdee4059a6a19c8b2da7b5",
                "sha256:b3e020eda71aa2d90f5bfc6a7334071915f074958e2db2c036678b24f8ad091f",
                "sha256:b42adba4705a4e461ff3c76b89b1622a15c26759101226a66419adab60632035",
                "sha256:b475038de7deb1ca84d1379e036f4d34bcd5a041e6fea241daef2c4d1b62a662",
                "sha256:bb4f0dd0a96899aba7953e49902a61006fbc8ba894d2170b6f964d8e17ad5e0e",
                "sha256:bbcfbd52aedbe20224226bfef8b1087eba43822920f53c68d4a2537358f3cd96",
                "sha256:be2526caa2b76e902edc1310a4d69940954c24f8566bec092372aa9743b668ed",
                "sha256:c1e35dd7aa6e9a0c11bf7ab25ec26627db0111250632b2df859ce5fcd00b4178",
                "sha256:c33e48906407ab3d0edb96cc5ab2a599bda5dd04704ebcd9b3e0eedce7310e0a",
                "sha256:c6de68b321bcbd8f2cde7c84b0afca22855e3671ba750fc4610ae4f5cb78b57f",
                "sha256:c811f978e9aff15c1ecb7ad7b44432fa8e83e8bfca89e6fd2e13a74e7d55ad6d",
                "sha256:c93b6e77c5f16d28ef8d25551b6e6eaf162de51e76ed182c2186de14d367487c",
                "sha256:c9cd67a2a85f4c897b73714d4f856838c587d653e2cd67dba5a555f16390ef20",
                "sha256:cdd35cf1077a2b5a245f6f97b95937559fd09887859cde5d6191973a28afcd74",
                "sha256:cfaadcc4d72cb2855116ac7d164d62d87f668a43bc4f9034a21676688325ac80",
                "sha256:d050414e41e67dc2f41a73a4755f322d043e0c1100d53bc2f9d7d3ead742a86b",
                "sha256:d5b6d177473ad758637a9d03205f99e3b9a16fdec949b32a8814e8ecf6a3523d",
                "sha256:d6ade37e73b6b888456d79455a179f86926dec0aac547087c9ac86986bcd2ced",
                "sha256:d85840fd0999ff22a26b8bd0a6e4695d85ea8515af9e2be9f37afffd4ce7d12d",
                "sha256:def573652af9601def5a6175061ef05fff377b6a85df4a9cc6cf36a5b436e049",
                "sha256:e2454206e6066dabace55bca254889d26f6d77fd91693c35efe503617c844e62",
                "sha256:e2fe3018890da7c0c80a06259977ea7d112d3d06489bfad8209486d6aafafc8f",
                "sha256:e364823a83ebe61942bcb0f959362b06f4902e4bef6273736ce8cb0b2350fdab",
                "sha256:e37c125a287de5e31d973fa77ed044f2438e413d98c52d8f15533beaad410fef",
                "sha256:e4ef82b0f1b53831496b59d34d979cea5116a5d0ec55c726f7b063773f44a698",
                "sha256:e5dc3377a2ae3405961218dca5402ca4b7acf96d1873ffb312a4a21a7c3788b7",
                "sha256:e7bc260f090a57e5963427e29c47b32a5acaf89500e40e68809d981348e0c893",
                "sha256:eddd25827cf14f2c936993bab0555c7a6d8494147f749515630dc84674a01fd5",
                "sha256:f0c03d3d90ec3abe36be8ef6c01a0dd7c47bede4a36a16d0c0bda9d152725219",
                "sha256:fdcdb64d155ebddc2adca2d9eabf3ae93f3e2a1b244bee5a7cb36b75f16259cd",
                "sha256:ff196f126899a20113914343e35b629700abb07ae7abb117fb91d2a081f2e93e"
            ],
            "markers": "python_version >= '3.7'",
            "version": "==3.10.1"
        },
        "bitstring": {
            "hashes": [
                "sha256:e682ac522bb63e041d16cbc9d0ca86a4f00194db16d0847c7efe066f836b2e37",
                "sha256:feac49524fcf3ef27e6081e86f02b10d2adf6c3773bf22fbe0e7eea9534bc737"
            ],
            "index": "pypi",
            "markers": "python_version >= '3.8'",
            "version": "==4.4.0"
        },
        "certifi": {
            "hashes": [
                "sha256:2bbf76fd432960138b3ef6dda3dde0544f27cbf8546c458e60baf371917ba9ee",
                "sha256:50b1e4f8446b06f41be7dd6338db18e0990601dce795c2b1686458aa7e8fa7d8"
            ],
            "version": "==2021.5.30"
        },
        "chardet": {
            "hashes": [
                "sha256:0d6f53a15db4120f2b08c94f11e7d93d2c911ee118b6b30a04ec3ee8310179fa",
                "sha256:f864054d66fd9118f2e67044ac8981a54775ec5b67aed0441892edb553d21da5"
            ],
            "markers": "python_version >= '2.7' and python_version not in '3.0, 3.1, 3.2, 3.3, 3.4'",
            "version": "==4.0.0"
        },
        "colorama": {
            "hashes": [
                "sha256:5941b2b48a20143d2267e95b1c2a7603ce057ee39fd88e7329b0c292aa16869b",
                "sha256:9f47eda37229f68eee03b24b9748937c7dc3868f906e8ba69fbcbdd3bc5dc3e2"
            ],
            "markers": "platform_system == 'Windows'",
            "version": "==0.4.4"
        },
        "cycler": {
            "hashes": [
                "sha256:1d8a5ae1ff6c5cf9b93e8811e581232ad8920aeec647c37316ceac982b08cb2d",
                "sha256:cd7b2d1018258d7247a71425e9f26463dfb444d411c39569972f4ce586b0c9d8"
            ],
            "version": "==0.10.0"
        },
        "factordb-pycli": {
            "hashes": [
                "sha256:43cf2a672fc49c389f9dd9a7656890973aaa65f9bd2d87165ca4e7a996f7da6b"
            ],
            "version": "==1.3.0"
        },
        "gmpy2": {
            "file": "https://download.lfd.uci.edu/pythonlibs/r4tycu3t/gmpy2-2.0.8-cp39-cp39-win_amd64.whl",
            "hashes": [
                "sha256:19af99705368362d1bc7befe1ed722965be457094d4fbc464b366c93a54b8a10",
                "sha256:288510251de747ac26c378ff5c1ebc9468323c10e511f470a41847d4ecd05f54",
                "sha256:2e576baad2ee059a38f9c0a79c2857c22c8d084765ee2fcc826aff43f9edcb65",
                "sha256:92f980c4bf5035e1eea4634817ec8a9a8d5b541bbec9f1a41fd4bb405b1bb81c",
                "sha256:9b53e8da0bcac6fbd509bc6a9174730e00ec8eaf43a5e43154985736bdae4b1f",
                "sha256:c6343b5836f66281934a9ed23d786008385fdc2433288bb1a626daea57aebd04",
                "sha256:db4b58b5b2455118bf3fa56b8fcc82e4ef1b138a6b81f92ca7ef6f2f88711131",
                "sha256:dd233e3288b90f21b0bb384bcc7a7e73557bb112ccf0032ad52aa614eb373d3f",
                "sha256:e70435412e605f0c685b5ab524b969f3fdcdf076d6116290ad8d1329cfded496",
                "sha256:fc116f425cc44b9b3835173ba5607be3c5a5093d23b25a6e0b2b1c42177fcc75",
                "sha256:fc959314c8a378c927e2b7a41baccf8ad2a9fcf5c7afe06a84a4a47253ed7060"
            ],
            "index": "pypi",
            "version": "==2.0.8"
        },
        "graphviz": {
            "hashes": [
                "sha256:3cad5517c961090dfc679df6402a57de62d97703e2880a1a46147bb0dc1639eb",
                "sha256:d2d25af1c199cad567ce4806f0449cb74eb30cf451fd7597251e1da099ac6e57"
            ],
            "index": "pypi",
            "version": "==0.16"
        },
        "idna": {
            "hashes": [
                "sha256:b307872f855b18632ce0c21c5e45be78c0ea7ae4c15c828c20788b26921eb3f6",
                "sha256:b97d804b1e9b523befed77c48dacec60e6dcb0b5391d57af6a65a312a90648c0"
            ],
            "markers": "python_version >= '2.7' and python_version not in '3.0, 3.1, 3.2, 3.3'",
            "version": "==2.10"
        },
        "kiwisolver": {
            "hashes": [
                "sha256:0cd53f403202159b44528498de18f9285b04482bab2a6fc3f5dd8dbb9352e30d",
                "sha256:1e1bc12fb773a7b2ffdeb8380609f4f8064777877b2225dec3da711b421fda31",
                "sha256:225e2e18f271e0ed8157d7f4518ffbf99b9450fca398d561eb5c4a87d0986dd9",
                "sha256:232c9e11fd7ac3a470d65cd67e4359eee155ec57e822e5220322d7b2ac84fbf0",
                "sha256:31dfd2ac56edc0ff9ac295193eeaea1c0c923c0355bf948fbd99ed6018010b72",
                "sha256:33449715e0101e4d34f64990352bce4095c8bf13bed1b390773fc0a7295967b3",
                "sha256:401a2e9afa8588589775fe34fc22d918ae839aaaf0c0e96441c0fdbce6d8ebe6",
                "sha256:44a62e24d9b01ba94ae7a4a6c3fb215dc4af1dde817e7498d901e229aaf50e4e",
                "sha256:50af681a36b2a1dee1d3c169ade9fdc59207d3c31e522519181e12f1b3ba7000",
                "sha256:563c649cfdef27d081c84e72a03b48ea9408c16657500c312575ae9d9f7bc1c3",
                "sha256:5989db3b3b34b76c09253deeaf7fbc2707616f130e166996606c284395da3f18",
                "sha256:5a7a7dbff17e66fac9142ae2ecafb719393aaee6a3768c9de2fd425c63b53e21",
                "sha256:5c3e6455341008a054cccee8c5d24481bcfe1acdbc9add30aa95798e95c65621",
                "sha256:5f6ccd3dd0b9739edcf407514016108e2280769c73a85b9e59aa390046dbf08b",
                "sha256:72c99e39d005b793fb7d3d4e660aed6b6281b502e8c1eaf8ee8346023c8e03bc",
                "sha256:78751b33595f7f9511952e7e60ce858c6d64db2e062afb325985ddbd34b5c131",
                "sha256:834ee27348c4aefc20b479335fd422a2c69db55f7d9ab61721ac8cd83eb78882",
                "sha256:8be8d84b7d4f2ba4ffff3665bcd0211318aa632395a1a41553250484a871d454",
                "sha256:950a199911a8d94683a6b10321f9345d5a3a8433ec58b217ace979e18f16e248",
                "sha256:a357fd4f15ee49b4a98b44ec23a34a95f1e00292a139d6015c11f55774ef10de",
                "sha256:a53d27d0c2a0ebd07e395e56a1fbdf75ffedc4a05943daf472af163413ce9598",
                "sha256:acef3d59d47dd85ecf909c359d0fd2c81ed33bdff70216d3956b463e12c38a54",
                "sha256:b38694dcdac990a743aa654037ff1188c7a9801ac3ccc548d3341014bc5ca278",
                "sha256:b9edd0110a77fc321ab090aaa1cfcaba1d8499850a12848b81be2222eab648f6",
                "sha256:c08e95114951dc2090c4a630c2385bef681cacf12636fb0241accdc6b303fd81",
                "sha256:c5518d51a0735b1e6cee1fdce66359f8d2b59c3ca85dc2b0813a8aa86818a030",
                "sha256:c8fd0f1ae9d92b42854b2979024d7597685ce4ada367172ed7c09edf2cef9cb8",
                "sha256:ca3820eb7f7faf7f0aa88de0e54681bddcb46e485beb844fcecbcd1c8bd01689",
                "sha256:cf8b574c7b9aa060c62116d4181f3a1a4e821b2ec5cbfe3775809474113748d4",
                "sha256:d3155d828dec1d43283bd24d3d3e0d9c7c350cdfcc0bd06c0ad1209c1bbc36d0",
                "sha256:f8d6f8db88049a699817fd9178782867bf22283e3813064302ac59f61d95be05",
                "sha256:fd34fbbfbc40628200730bc1febe30631347103fc8d3d4fa012c21ab9c11eca9"
            ],
            "markers": "python_version >= '3.6'",
            "version": "==1.3.1"
        },
        "matplotlib": {
            "hashes": [
                "sha256:0bea5ec5c28d49020e5d7923c2725b837e60bc8be99d3164af410eb4b4c827da",
                "sha256:1c1779f7ab7d8bdb7d4c605e6ffaa0614b3e80f1e3c8ccf7b9269a22dbc5986b",
                "sha256:21b31057bbc5e75b08e70a43cefc4c0b2c2f1b1a850f4a0f7af044eb4163086c",
                "sha256:32fa638cc10886885d1ca3d409d4473d6a22f7ceecd11322150961a70fab66dd",
                "sha256:3a5c18dbd2c7c366da26a4ad1462fe3e03a577b39e3b503bbcf482b9cdac093c",
                "sha256:5826f56055b9b1c80fef82e326097e34dc4af8c7249226b7dd63095a686177d1",
                "sha256:6382bc6e2d7e481bcd977eb131c31dee96e0fb4f9177d15ec6fb976d3b9ace1a",
                "sha256:6475d0209024a77f869163ec3657c47fed35d9b6ed8bccba8aa0f0099fbbdaa8",
                "sha256:6a6a44f27aabe720ec4fd485061e8a35784c2b9ffa6363ad546316dfc9cea04e",
                "sha256:7a58f3d8fe8fac3be522c79d921c9b86e090a59637cb88e3bc51298d7a2c862a",
                "sha256:7ad19f3fb6145b9eb41c08e7cbb9f8e10b91291396bee21e9ce761bb78df63ec",
                "sha256:85f191bb03cb1a7b04b5c2cca4792bef94df06ef473bc49e2818105671766fee",
                "sha256:956c8849b134b4a343598305a3ca1bdd3094f01f5efc8afccdebeffe6b315247",
                "sha256:a9d8cb5329df13e0cdaa14b3b43f47b5e593ec637f13f14db75bb16e46178b05",
                "sha256:b1d5a2cedf5de05567c441b3a8c2651fbde56df08b82640e7f06c8cd91e201f6",
                "sha256:b26535b9de85326e6958cdef720ecd10bcf74a3f4371bf9a7e5b2e659c17e153",
                "sha256:c541ee5a3287efe066bbe358320853cf4916bc14c00c38f8f3d8d75275a405a9",
                "sha256:d8d994cefdff9aaba45166eb3de4f5211adb4accac85cbf97137e98f26ea0219",
                "sha256:df815378a754a7edd4559f8c51fc7064f779a74013644a7f5ac7a0c31f875866"
            ],
            "index": "pypi",
            "version": "==3.4.2"
        },
        "numpy": {
            "hashes": [
                "sha256:1a784e8ff7ea2a32e393cc53eb0003eca1597c7ca628227e34ce34eb11645a0e",
                "sha256:2ba579dde0563f47021dcd652253103d6fd66165b18011dce1a0609215b2791e",
                "sha256:3537b967b350ad17633b35c2f4b1a1bbd258c018910b518c30b48c8e41272717",
                "sha256:3c40e6b860220ed862e8097b8f81c9af6d7405b723f4a7af24a267b46f90e461",
                "sha256:598fe100b2948465cf3ed64b1a326424b5e4be2670552066e17dfaa67246011d",
                "sha256:620732f42259eb2c4642761bd324462a01cdd13dd111740ce3d344992dd8492f",
                "sha256:709884863def34d72b183d074d8ba5cfe042bc3ff8898f1ffad0209161caaa99",
                "sha256:75579acbadbf74e3afd1153da6177f846212ea2a0cc77de53523ae02c9256513",
                "sha256:7c55407f739f0bfcec67d0df49103f9333edc870061358ac8a8c9e37ea02fcd2",
                "sha256:a1f2fb2da242568af0271455b89aee0f71e4e032086ee2b4c5098945d0e11cf6",
                "sha256:a290989cd671cd0605e9c91a70e6df660f73ae87484218e8285c6522d29f6e38",
                "sha256:ac4fd578322842dbda8d968e3962e9f22e862b6ec6e3378e7415625915e2da4d",
                "sha256:ad09f55cc95ed8d80d8ab2052f78cc21cb231764de73e229140d81ff49d8145e",
                "sha256:b9205711e5440954f861ceeea8f1b415d7dd15214add2e878b4d1cf2bcb1a914",
                "sha256:bba474a87496d96e61461f7306fba2ebba127bed7836212c360f144d1e72ac54",
                "sha256:bebab3eaf0641bba26039fb0b2c5bf9b99407924b53b1ea86e03c32c64ef5aef",
                "sha256:cc367c86eb87e5b7c9592935620f22d13b090c609f1b27e49600cd033b529f54",
                "sha256:ccc6c650f8700ce1e3a77668bb7c43e45c20ac06ae00d22bdf6760b38958c883",
                "sha256:cf680682ad0a3bef56dae200dbcbac2d57294a73e5b0f9864955e7dd7c2c2491",
                "sha256:d2910d0a075caed95de1a605df00ee03b599de5419d0b95d55342e9a33ad1fb3",
                "sha256:d5caa946a9f55511e76446e170bdad1d12d6b54e17a2afe7b189112ed4412bb8",
                "sha256:d89b0dc7f005090e32bb4f9bf796e1dcca6b52243caf1803fdd2b748d8561f63",
                "sha256:d95d16204cd51ff1a1c8d5f9958ce90ae190be81d348b514f9be39f878b8044a",
                "sha256:e4d5a86a5257843a18fb1220c5f1c199532bc5d24e849ed4b0289fb59fbd4d8f",
                "sha256:e58ddb53a7b4959932f5582ac455ff90dcb05fac3f8dcc8079498d43afbbde6c",
                "sha256:e80fe25cba41c124d04c662f33f6364909b985f2eb5998aaa5ae4b9587242cce",
                "sha256:eda2829af498946c59d8585a9fd74da3f810866e05f8df03a86f70079c7531dd",
                "sha256:fd0a359c1c17f00cb37de2969984a74320970e0ceef4808c32e00773b06649d9"
            ],
            "markers": "python_version >= '3.7'",
            "version": "==1.21.0"
        },
        "pillow": {
            "hashes": [
                "sha256:0b2efa07f69dc395d95bb9ef3299f4ca29bcb2157dc615bae0b42c3c20668ffc",
                "sha256:114f816e4f73f9ec06997b2fde81a92cbf0777c9e8f462005550eed6bae57e63",
                "sha256:147bd9e71fb9dcf08357b4d530b5167941e222a6fd21f869c7911bac40b9994d",
                "sha256:15a2808e269a1cf2131930183dcc0419bc77bb73eb54285dde2706ac9939fa8e",
                "sha256:196560dba4da7a72c5e7085fccc5938ab4075fd37fe8b5468869724109812edd",
                "sha256:1c03e24be975e2afe70dfc5da6f187eea0b49a68bb2b69db0f30a61b7031cee4",
                "sha256:1fd5066cd343b5db88c048d971994e56b296868766e461b82fa4e22498f34d77",
                "sha256:29c9569049d04aaacd690573a0398dbd8e0bf0255684fee512b413c2142ab723",
                "sha256:2b6dfa068a8b6137da34a4936f5a816aba0ecc967af2feeb32c4393ddd671cba",
                "sha256:2cac53839bfc5cece8fdbe7f084d5e3ee61e1303cccc86511d351adcb9e2c792",
                "sha256:2ee77c14a0299d0541d26f3d8500bb57e081233e3fa915fa35abd02c51fa7fae",
                "sha256:37730f6e68bdc6a3f02d2079c34c532330d206429f3cee651aab6b66839a9f0e",
                "sha256:3f08bd8d785204149b5b33e3b5f0ebbfe2190ea58d1a051c578e29e39bfd2367",
                "sha256:4bc3c7ef940eeb200ca65bd83005eb3aae8083d47e8fcbf5f0943baa50726856",
                "sha256:660a87085925c61a0dcc80efb967512ac34dbb256ff7dd2b9b4ee8dbdab58cf4",
                "sha256:67b3666b544b953a2777cb3f5a922e991be73ab32635666ee72e05876b8a92de",
                "sha256:70af7d222df0ff81a2da601fab42decb009dc721545ed78549cb96e3a1c5f0c8",
                "sha256:8960a8a9f4598974e4c2aeb1bff9bdd5db03ee65fd1fce8adf3223721aa2a636",
                "sha256:9364c81b252d8348e9cc0cb63e856b8f7c1b340caba6ee7a7a65c968312f7dab",
                "sha256:969cc558cca859cadf24f890fc009e1bce7d7d0386ba7c0478641a60199adf79",
                "sha256:9a211b663cf2314edbdb4cf897beeb5c9ee3810d1d53f0e423f06d6ebbf9cd5d",
                "sha256:a17ca41f45cf78c2216ebfab03add7cc350c305c38ff34ef4eef66b7d76c5229",
                "sha256:a2f381932dca2cf775811a008aa3027671ace723b7a38838045b1aee8669fdcf",
                "sha256:a4eef1ff2d62676deabf076f963eda4da34b51bc0517c70239fafed1d5b51500",
                "sha256:c088a000dfdd88c184cc7271bfac8c5b82d9efa8637cd2b68183771e3cf56f04",
                "sha256:c11003197f908878164f0e6da15fce22373ac3fc320cda8c9d16e6bba105b844",
                "sha256:c2a5ff58751670292b406b9f06e07ed1446a4b13ffced6b6cab75b857485cbc8",
                "sha256:c35d09db702f4185ba22bb33ef1751ad49c266534339a5cebeb5159d364f6f82",
                "sha256:c379425c2707078dfb6bfad2430728831d399dc95a7deeb92015eb4c92345eaf",
                "sha256:cc866706d56bd3a7dbf8bac8660c6f6462f2f2b8a49add2ba617bc0c54473d83",
                "sha256:d0da39795049a9afcaadec532e7b669b5ebbb2a9134576ebcc15dd5bdae33cc0",
                "sha256:f4ebde71785f8bceb39dcd1e7f06bcc5d5c3cf48b9f69ab52636309387b097c8",
                "sha256:fc214a6b75d2e0ea7745488da7da3c381f41790812988c7a92345978414fad37",
                "sha256:ff04c373477723430dce2e9d024c708a047d44cf17166bf16e604b379bf0ca14"
            ],
            "markers": "python_version >= '3.6'",
            "version": "==8.3.1"
        },
        "primefac": {
            "editable": true,
            "git": "git://github.com/elliptic-shiho/primefac-fork",
            "ref": "a8ac52a17daad63c55555117f7a6b2712cb52e75"
        },
        "progressbar2": {
            "hashes": [
                "sha256:ef72be284e7f2b61ac0894b44165926f13f5d995b2bf3cd8a8dedc6224b255a7",
                "sha256:fe2738e7ecb7df52ad76307fe610c460c52b50f5335fd26c3ab80ff7655ba1e0"
            ],
            "index": "pypi",
            "version": "==3.53.1"
        },
        "pyparsing": {
            "hashes": [
                "sha256:c203ec8783bf771a155b207279b9bccb8dea02d8f0c9e5f8ead507bc3246ecc1",
                "sha256:ef9d7589ef3c200abe66653d3f1ab1033c3c419ae9b9bdb1240a85b024efc88b"
            ],
            "markers": "python_version >= '2.6' and python_version not in '3.0, 3.1, 3.2, 3.3'",
            "version": "==2.4.7"
        },
        "python-dateutil": {
            "hashes": [
                "sha256:73ebfe9dbf22e832286dafa60473e4cd239f8592f699aa5adaf10050e6e1823c",
                "sha256:75bb3f31ea686f1197762692a9ee6a7550b59fc6ca3a1f4b5d7e32fb98e2da2a"
            ],
            "markers": "python_version >= '2.7' and python_version not in '3.0, 3.1, 3.2, 3.3'",
            "version": "==2.8.1"
        },
        "python-utils": {
            "hashes": [
                "sha256:18fbc1a1df9a9061e3059a48ebe5c8a66b654d688b0e3ecca8b339a7f168f208",
                "sha256:352d5b1febeebf9b3cdb9f3c87a3b26ef22d3c9e274a8ec1e7048ecd2fac4349"
            ],
            "version": "==2.5.6"
        },
        "requests": {
            "hashes": [
                "sha256:27973dd4a904a4f13b263a19c866c13b92a39ed1c964655f025f3f8d3d75b804",
                "sha256:c210084e36a42ae6b9219e00e48287def368a26d03a048ddad7bfee44f75871e"
            ],
            "markers": "python_version >= '2.7' and python_version not in '3.0, 3.1, 3.2, 3.3, 3.4'",
            "version": "==2.25.1"
        },
        "six": {
            "hashes": [
                "sha256:1e61c37477a1626458e36f7b1d82aa5c9b094fa4802892072e49de9c60c4c926",
                "sha256:8abb2f1d86890a2dfb989f9a77cfcfd3e47c2a354b01111771326f8aa26e0254"
            ],
            "markers": "python_version >= '2.7' and python_version not in '3.0, 3.1, 3.2, 3.3'",
            "version": "==1.16.0"
        },
        "tibs": {
            "hashes": [
                "sha256:01ea5258bdf942d21560dc07d532082cd04f07cfef65fedd58ae84f7d0d2562a",
                "sha256:0a7ce857ef05c59dc61abadc31c4b9b1e3c62f9e5fb29217988c308936aea71e",
                "sha256:130bc68ff500fc8185677df7a97350b5d5339e6ba7e325bc3031337f6424ede7",
                "sha256:173dfbecb2309edd9771f453580c88cf251e775613461566b23dbd756b3d54cb",
                "sha256:1906729038b85c3b4c040aa28a456d85bc976d0c5007177350eb73374ffa0fd0",
                "sha256:1b56583db148e5094d781c3d746815dbcbb6378c6f813c8ce291efd4ab21da8b",
                "sha256:1d5521cc6768bfa6282a0c591ba06b079ab91b5c7d5696925ad2abac59779a54",
                "sha256:1f95d5db62960205a1e9eba73ce67dc14e7366ae080cd4e5b6f005ebd90faf02",
                "sha256:29480bf03e3372a5f9cc59ea0541f76f8efd696d4f0d214715e94247c342a037",
                "sha256:2a618de62004d9217d2d2ab0f7f9bbdd098c12642dc01f07b3fb00f0b5f3131a",
                "sha256:42725200f1b02687ed6e6a1c01e0ec150dc829d21d901ffc74cc0ac4d821f57f",
                "sha256:477608f9b87e24a22ab6d50b81da04a5cb59bfa49598ff7ec5165035a18fb392",
                "sha256:4b7510235379368b7523f624d46e0680f3706e3a3965877a6583cdcb598b8bac",
                "sha256:501728d096e10d9a165aa526743d47418a6bbfd7b084fa47ecb22be7641d3edb",
                "sha256:63255749f937c5e6fedcc7d54e7bd359aef711017e6855f373b0510a14ee2215",
                "sha256:6a9feed5931b881809a950eca0e01e757113e2383a2af06a3e6982f110c869e2",
                "sha256:76746f01b3db9dbd802f5e615f11f68df7a29ecef521b082dca53f3fa7d0084f",
                "sha256:77103a9f1af72ac4cf5006828d0fb21578d19ce55fd990e9a1c8e46fd549561f",
                "sha256:7d6592ed93c6748acd39df484c1ee24d40ee247c2a20ca38ba03363506fd24f3",
                "sha256:847709c108800ad6a45efaf9a040628278956938a4897f7427a2587013dc3b98",
                "sha256:859f05315ffb307d3474c505d694f3a547f00730a024c982f5f60316a5505b3c",
                "sha256:a61d36155f8ab8642e1b6744e13822f72050fc7ec4f86ec6965295afa04949e2",
                "sha256:a883ca13a922a66b2c1326a9c188123a574741a72510a4bf52fd6f97db191e44",
                "sha256:ac0aa2aae38f7325c91c261ce1d18f769c4c7033c98d6ea3ea5534585cf16452",
                "sha256:ace018a057459e3dccd06a4aae1c5c8cd57e352b263dcef534ae39bf3e03b5cf",
                "sha256:ad61df93b50f875b277ab736c5d37b6bce56f9abce489a22f4e02d9daa2966e3",
                "sha256:b9535dc7b7484904a58b51bd8e64da7efbf1d8466ff7e84ed1d78f4ddc561c99",
                "sha256:d4f3ff613d486650816bc5516760c0382a2cc0ca8aeddd8914d011bc3b81d9a2",
                "sha256:e13b9c7ff2604b0146772025e1ac6f85c8c625bf6ac73736ff671eaf357dda41",
                "sha256:f5eea45851c960628a2bd29847765d55e19a687c5374456ad2c8cf6410eb1efa",
                "sha256:f70bd250769381c73110d6f24feaf8b6fcd44f680b3cb28a20ea06db3d04fb6f"
            ],
            "markers": "python_version >= '3.8'",
            "version": "==0.5.7"
        },
        "tqdm": {
            "hashes": [
                "sha256:5aa445ea0ad8b16d82b15ab342de6b195a722d75fc1ef9934a46bba6feafbc64",
                "sha256:8bb94db0d4468fea27d004a0f1d1c02da3cdedc00fe491c0de986b76a04d6b0a"
            ],
            "index": "pypi",
            "version": "==4.61.2"
        },
        "transitions": {
            "hashes": [
                "sha256:e7a86b31a161a76133f189b3ae9dad2755a80ea4c1e0eee1805648d021fb677d",
                "sha256:f35efa070fbdf9a0f3f093b19f1258068786af75786a8cbcc884444f3d1a66d4"
            ],
            "index": "pypi",
            "version": "==0.8.8"
        },
        "urllib3": {
            "hashes": [
                "sha256:39fb8672126159acb139a7718dd10806104dec1e2f0f6c88aab05d17df10c8d4",
                "sha256:f57b4c16c62fa2760b7e3d97c35b255512fb6b59a259730f36ba32ce9f8e342f"
            ],
            "markers": "python_version >= '2.7' and python_version not in '3.0, 3.1, 3.2, 3.3, 3.4' and python_version < '4'",
            "version": "==1.26.6"
        }
    },
    "develop": {
        "yapf": {
            "hashes": [
                "sha256:408fb9a2b254c302f49db83c59f9aa0b4b0fd0ec25be3a5c51181327922ff63d",
                "sha256:e3a234ba8455fe201eaa649cdac872d590089a18b661e39bbac7020978dd9c2e"
            ],
            "index": "pypi",
            "version": "==0.31.0"
        }
    }
}
